<Solution>
  <Folder Name="/src/">
    <Project Path="src/ConsumerStreams.Application/ConsumerStreams.Application.csproj" />
    <Project Path="src/ConsumerStreams.Domain/ConsumerStreams.Domain.csproj" />
    <Project Path="src/ConsumerStreams.Infrastructure/ConsumerStreams.Infrastructure.csproj" />
    <Project Path="src/ConsumerStreams.Worker/ConsumerStreams.Worker.csproj" />
  </Folder>
  <Folder Name="/tests/">
    <Project Path="tests/ConsumerStreams.Domain.Tests/ConsumerStreams.Domain.Tests.csproj" />
    <Project Path="tests/ConsumerStreams.Application.Tests/ConsumerStreams.Application.Tests.csproj" />
    <Project Path="tests/ConsumerStreams.Infrastructure.Tests/ConsumerStreams.Infrastructure.Tests.csproj" />
  </Folder>
</Solution>
