<Solution>
  <Folder Name="/src/">
    <Project Path="src/LogSink.Domain/LogSink.Domain.csproj" />
    <Project Path="src/LogSink.Application/LogSink.Application.csproj" />
    <Project Path="src/LogSink.Infrastructure/LogSink.Infrastructure.csproj" />
    <Project Path="src/LogSink.Worker/LogSink.Worker.csproj" />
  </Folder>
  <Folder Name="/tests/">
    <Project Path="tests/LogSink.Domain.Tests/LogSink.Domain.Tests.csproj" />
    <Project Path="tests/LogSink.Application.Tests/LogSink.Application.Tests.csproj" />
    <Project Path="tests/LogSink.Infrastructure.Tests/LogSink.Infrastructure.Tests.csproj" />
  </Folder>
</Solution>
